
Microsoft Visual Studio Solution File, Format Version 12.00
# Visual Studio Version 17
VisualStudioVersion = 17.9.34701.34
MinimumVisualStudioVersion = 10.0.40219.1
Project("{FAE04EC0-301F-11D3-BF4B-00C04F79EFBC}") = "Dicery", "Dicery\Dicery.csproj", "{8F5B8691-38C3-4284-8355-442618B7F88E}"
EndProject
Global
	GlobalSection(SolutionConfigurationPlatforms) = preSolution
		Debug|Any CPU = Debug|Any CPU
		Release|Any CPU = Release|Any CPU
	EndGlobalSection
	GlobalSection(ProjectConfigurationPlatforms) = postSolution
		{8F5B8691-38C3-4284-8355-442618B7F88E}.Debug|Any CPU.ActiveCfg = Debug|Any CPU
		{8F5B8691-38C3-4284-8355-442618B7F88E}.Debug|Any CPU.Build.0 = Debug|Any CPU
		{8F5B8691-38C3-4284-8355-442618B7F88E}.Release|Any CPU.ActiveCfg = Release|Any CPU
		{8F5B8691-38C3-4284-8355-442618B7F88E}.Release|Any CPU.Build.0 = Release|Any CPU
	EndGlobalSection
	GlobalSection(SolutionProperties) = preSolution
		HideSolutionNode = FALSE
	EndGlobalSection
	GlobalSection(ExtensibilityGlobals) = postSolution
		SolutionGuid = {369F0748-41A3-43CC-95DA-3D96256B1FEC}
	EndGlobalSection
EndGlobal
